
Microsoft Visual Studio Solution File, Format Version 12.00
# Visual Studio Version 16
VisualStudioVersion = 16.0.809.6
MinimumVisualStudioVersion = 10.0.40219.1
Project("{FAE04EC0-301F-11D3-BF4B-00C04F79EFBC}") = "webApplication_Project", "webApplication_Project\webApplication_Project.csproj", "{273CD3F0-52BA-4B54-9982-BE3E382A72FF}"
EndProject
Global
	GlobalSection(SolutionConfigurationPlatforms) = preSolution
		Debug|Any CPU = Debug|Any CPU
		Release|Any CPU = Release|Any CPU
	EndGlobalSection
	GlobalSection(ProjectConfigurationPlatforms) = postSolution
		{273CD3F0-52BA-4B54-9982-BE3E382A72FF}.Debug|Any CPU.ActiveCfg = Debug|Any CPU
		{273CD3F0-52BA-4B54-9982-BE3E382A72FF}.Debug|Any CPU.Build.0 = Debug|Any CPU
		{273CD3F0-52BA-4B54-9982-BE3E382A72FF}.Release|Any CPU.ActiveCfg = Release|Any CPU
		{273CD3F0-52BA-4B54-9982-BE3E382A72FF}.Release|Any CPU.Build.0 = Release|Any CPU
	EndGlobalSection
	GlobalSection(SolutionProperties) = preSolution
		HideSolutionNode = FALSE
	EndGlobalSection
	GlobalSection(ExtensibilityGlobals) = postSolution
		SolutionGuid = {348A6E2A-1AB9-4DD0-B5C9-27D9A792ED80}
	EndGlobalSection
EndGlobal
